# This file is autogenerated, do not edit; changes may be undone by the next 'dep ensure'.


[[projects]]
  digest = "1:586ea76dbd0374d6fb649a91d70d652b7fe0ccffb8910a77468e7702e7901f3d"
  name = "github.com/go-stack/stack"
  packages = ["."]
  pruneopts = "UT"
  revision = "2fee6af1a9795aafbe0253a0cfbdf668e1fb8a9a"
  version = "v1.8.0"

[[projects]]
  digest = "1:66ff02b29a90cd2ebeab18c1ebc090543585dc977001bb6ee03a7cadbe5a2828"
  name = "github.com/golang/snappy"
  packages = ["."]
  pruneopts = "UT"
  revision = "544b4180ac705b7605231d4a4550a1acb22a19fe"
  version = "v0.0.4"

[[projects]]
  digest = "1:b14eabc18c10499a4fef57256a04fb35a0a7e68b6101d857d70841aac59a1c86"
  name = "github.com/klauspost/compress"
  packages = [
    ".",
    "fse",
    "huff0",
    "zstd",
    "zstd/internal/xxhash",
  ]
  pruneopts = "UT"
  revision = "6c2ac28c4d87d3208a576e17abb803e809a0558f"
  version = "v1.13.3"

[[projects]]
  digest = "1:9e1d37b58d17113ec3cb5608ac0382313c5b59470b94ed97d0976e69c7022314"
  name = "github.com/pkg/errors"
  packages = ["."]
  pruneopts = "UT"
  revision = "614d223910a179a466c1767a985424175c39b465"
  version = "v0.9.1"

[[projects]]
  digest = "1:0e4d997532a1c11d2eb65a228c63f988c7be708125a315c68e9783284ba526bb"
  name = "github.com/xdg-go/pbkdf2"
  packages = ["."]
  pruneopts = "UT"
  revision = "7f452ef1dac88350356f1bb84a23748205e64b96"
  version = "v1.0.0"

[[projects]]
  digest = "1:65d7c0fbf88c260d710799326b9c1489d9e23ee31c4cf6fa177e356db296626b"
  name = "github.com/xdg-go/scram"
  packages = ["."]
  pruneopts = "UT"
  revision = "2ad501880a7f7bcc9af290278baa3658c9a2f2cd"
  version = "v1.0.2"

[[projects]]
  digest = "1:7efa049f6227cbe37fb4254ed2b36bafc165010125f6e12f537a4416a947bcdd"
  name = "github.com/xdg-go/stringprep"
  packages = ["."]
  pruneopts = "UT"
  revision = "4fcaaf19bc2a8e388ba275a82eb34c29abcd0bc9"
  version = "v1.0.2"

[[projects]]
  digest = "1:1c81a3a4880ad32382ab73d8bf43eb9a75132a9055354cd08f492fea9b2e4598"
  name = "github.com/youmark/pkcs8"
  packages = ["."]
  pruneopts = "UT"
  revision = "1be2e3e5546da8a58903ff4adcfab015022538ea"
  version = "v1.1"

[[projects]]
  digest = "1:08bdbc14c9b7fcfa6cdfb7155b15219e909b032ad62c495caae82000a5d1ee9d"
  name = "go.mongodb.org/mongo-driver"
  packages = [
    "bson",
    "bson/bsoncodec",
    "bson/bsonoptions",
    "bson/bsonrw",
    "bson/bsontype",
    "bson/primitive",
    "event",
    "internal",
    "mongo",
    "mongo/address",
    "mongo/description",
    "mongo/options",
    "mongo/readconcern",
    "mongo/readpref",
    "mongo/writeconcern",
    "tag",
    "version",
    "x/bsonx",
    "x/bsonx/bsoncore",
    "x/mongo/driver",
    "x/mongo/driver/auth",
    "x/mongo/driver/auth/internal/awsv4",
    "x/mongo/driver/auth/internal/gssapi",
    "x/mongo/driver/connstring",
    "x/mongo/driver/dns",
    "x/mongo/driver/mongocrypt",
    "x/mongo/driver/mongocrypt/options",
    "x/mongo/driver/ocsp",
    "x/mongo/driver/operation",
    "x/mongo/driver/session",
    "x/mongo/driver/topology",
    "x/mongo/driver/uuid",
    "x/mongo/driver/wiremessage",
  ]
  pruneopts = "UT"
  revision = "9e49b5bdd709ca89dad07357876ee04871074f62"
  version = "v1.7.1"

[[projects]]
  branch = "master"
  digest = "1:32bf73bb071fd43ef0ad521dc191ec3879806bb45c47849b246a5e7fdda319e4"
  name = "golang.org/x/crypto"
  packages = [
    "ocsp",
    "pbkdf2",
  ]
  pruneopts = "UT"
  revision = "a769d52b0f97a420f3dcafc17f8b3384217859a2"

[[projects]]
  branch = "master"
  digest = "1:ec98ab215ad6fe290c86fe0c15b73684dd44680fc7b131fc1e0398b8dd5738f1"
  name = "golang.org/x/sync"
  packages = [
    "errgroup",
    "semaphore",
  ]
  pruneopts = "UT"
  revision = "036812b2e83c0ddf193dd5a34e034151da389d09"

[[projects]]
  digest = "1:f9333a716b0a022325ffa8831397bb719dff2283ad9a82d898d92dcd50781be2"
  name = "golang.org/x/text"
  packages = [
    "internal/gen",
    "internal/triegen",
    "internal/ucd",
    "transform",
    "unicode/cldr",
    "unicode/norm",
  ]
  pruneopts = "UT"
  revision = "e328d63cff14134669501e0e154e4f141c784322"
  version = "v0.3.6"

[solve-meta]
  analyzer-name = "dep"
  analyzer-version = 1
  input-imports = [
    "go.mongodb.org/mongo-driver/bson",
    "go.mongodb.org/mongo-driver/mongo",
    "go.mongodb.org/mongo-driver/mongo/options",
  ]
  solver-name = "gps-cdcl"
  solver-version = 1
